
Microsoft Visual Studio Solution File, Format Version 12.00
# Visual Studio Version 16
VisualStudioVersion = 16.0.30804.86
MinimumVisualStudioVersion = 10.0.40219.1
Project("{2150E333-8FDC-42A3-9474-1A3956D46DE8}") = "Question1", "Question1", "{75CB6035-4DDB-4E39-AA95-28258C595D9C}"
EndProject
Project("{9A19103F-16F7-4668-BE54-9A1E7A4F7556}") = "InjectionLifeCycle", "InjectionLifeCycle\InjectionLifeCycle.csproj", "{55CFA793-73E3-4B56-ACC0-B121E70F1182}"
EndProject
Project("{2150E333-8FDC-42A3-9474-1A3956D46DE8}") = "Question3", "Question3", "{5EB8BE75-C929-469D-84E4-648C8DF34E88}"
EndProject
Project("{9A19103F-16F7-4668-BE54-9A1E7A4F7556}") = "CleanCode", "CleanCode\CleanCode.csproj", "{277F9F11-3290-45A4-BB09-DF5E120ACC16}"
EndProject
Project("{2150E333-8FDC-42A3-9474-1A3956D46DE8}") = "Question4", "Question4", "{DE7B705E-E036-4861-9817-42439E96DBA4}"
EndProject
Project("{9A19103F-16F7-4668-BE54-9A1E7A4F7556}") = "ExamSystem.API", "ExamSystem.API\ExamSystem.API.csproj", "{FA78AB43-9CBB-4FE9-ABF0-FC35F153E067}"
EndProject
Project("{9A19103F-16F7-4668-BE54-9A1E7A4F7556}") = "ExamSystem.Entities", "ExamSystem.Entities\ExamSystem.Entities.csproj", "{60DA97F0-AEF1-4DAA-96A6-C4DCA788A337}"
EndProject
Project("{9A19103F-16F7-4668-BE54-9A1E7A4F7556}") = "ExamSystem.Services", "ExamSystem.Services\ExamSystem.Services.csproj", "{22D5D2C4-7136-460D-BD76-16923C7FA09F}"
EndProject
Project("{9A19103F-16F7-4668-BE54-9A1E7A4F7556}") = "ExamSystem.DataAccess", "ExamSystem.DataAccess\ExamSystem.DataAccess.csproj", "{BC938073-DD68-48EC-BC19-A918BA742E56}"
EndProject
Project("{2150E333-8FDC-42A3-9474-1A3956D46DE8}") = "Question5", "Question5", "{706198D0-76AF-475C-B730-E6A465B4CC1D}"
EndProject
Project("{9A19103F-16F7-4668-BE54-9A1E7A4F7556}") = "OnlineExaminationSystem.API", "OnlineExaminationSystem.API\OnlineExaminationSystem.API.csproj", "{3994D990-B089-4AD8-A911-12F7D7BFF672}"
EndProject
Project("{9A19103F-16F7-4668-BE54-9A1E7A4F7556}") = "OnlineExaminationSystem.Business", "Business\OnlineExaminationSystem.Business.csproj", "{8F74E3C0-A4F2-4B11-ABCB-CE0F3EE93AD8}"
EndProject
Project("{9A19103F-16F7-4668-BE54-9A1E7A4F7556}") = "OnlineExaminationSystem.DataAccess", "OnlineExaminationSystem.DataAccess\OnlineExaminationSystem.DataAccess.csproj", "{8C0CE578-749F-451A-A842-AC1823337CFE}"
EndProject
Project("{9A19103F-16F7-4668-BE54-9A1E7A4F7556}") = "OnlineExaminationSystem.Entities", "OnlineExaminationSystem.Entities\OnlineExaminationSystem.Entities.csproj", "{126EE25E-02A9-4104-8FD0-6F2B52E4E0B9}"
EndProject
Project("{9A19103F-16F7-4668-BE54-9A1E7A4F7556}") = "OnlineExaminationSystem.Core", "OnlineExaminationSystem.Core\OnlineExaminationSystem.Core.csproj", "{DD54C1A3-14AC-4321-8DCE-FB85E89FC940}"
EndProject
Project("{2150E333-8FDC-42A3-9474-1A3956D46DE8}") = "Question7", "Question7", "{7DA7C6CE-78B5-4AE3-9D47-50F2BACD79CC}"
EndProject
Project("{9A19103F-16F7-4668-BE54-9A1E7A4F7556}") = "Versioning", "Versioning\Versioning.csproj", "{176F2346-3DA5-4216-BA69-03144644552D}"
EndProject
Project("{2150E333-8FDC-42A3-9474-1A3956D46DE8}") = "Question8", "Question8", "{5922D6E8-7C39-44B8-BCAD-7B7D97D7799F}"
EndProject
Project("{2150E333-8FDC-42A3-9474-1A3956D46DE8}") = "Question9", "Question9", "{7DB84F7C-A8B2-4911-AE4D-B3D280967EEA}"
EndProject
Project("{9A19103F-16F7-4668-BE54-9A1E7A4F7556}") = "JWT", "JWT\JWT.csproj", "{808D8583-4954-4CD3-BDE1-81E66D3DC880}"
EndProject
Project("{9A19103F-16F7-4668-BE54-9A1E7A4F7556}") = "WorkerService.API", "WorkerService.API\WorkerService.API.csproj", "{282A8AEB-31E7-402A-9A5C-E9F9E5DEE775}"
EndProject
Project("{9A19103F-16F7-4668-BE54-9A1E7A4F7556}") = "WorkerService.Entities", "WorkerService.Entities\WorkerService.Entities.csproj", "{C693862B-5352-4871-9936-F2B31FA1C3D7}"
EndProject
Project("{9A19103F-16F7-4668-BE54-9A1E7A4F7556}") = "WorkerService.DataAccess", "WorkerService.DataAccess\WorkerService.DataAccess.csproj", "{CE120E9D-9117-4242-B2E9-965A34D3C311}"
EndProject
Project("{9A19103F-16F7-4668-BE54-9A1E7A4F7556}") = "WorkerService.Core", "WorkerService.Core\WorkerService.Core.csproj", "{016F213E-8420-4C38-B0E6-DE3FC2A2C498}"
EndProject
Project("{9A19103F-16F7-4668-BE54-9A1E7A4F7556}") = "WorkerService.Business", "WoerkerService.Business\WorkerService.Business.csproj", "{4B447166-E5F9-489D-8D0D-5C394AC4D06B}"
EndProject
Project("{2150E333-8FDC-42A3-9474-1A3956D46DE8}") = "Question2", "Question2", "{B6A0CDF5-6C92-455D-9356-875B3663305D}"
EndProject
Project("{2150E333-8FDC-42A3-9474-1A3956D46DE8}") = "Question6", "Question6", "{A13C05CA-0118-464D-9F8D-2AE08C1C5B1F}"
EndProject
Project("{9A19103F-16F7-4668-BE54-9A1E7A4F7556}") = "WhiteList", "WhiteList\WhiteList.csproj", "{947DD59F-BFA9-4DF7-BF4E-FB8295880437}"
EndProject
Project("{FAE04EC0-301F-11D3-BF4B-00C04F79EFBC}") = "Logging.API", "Logging.API\Logging.API.csproj", "{4C8B2392-F14E-4FEE-88AD-847F9F12C5E4}"
EndProject
Project("{FAE04EC0-301F-11D3-BF4B-00C04F79EFBC}") = "Logging.Business", "Logging.Business\Logging.Business.csproj", "{E542DFC1-5789-4823-82B6-07EBDE9D5FF3}"
EndProject
Project("{FAE04EC0-301F-11D3-BF4B-00C04F79EFBC}") = "Logging.Core", "Logging.Core\Logging.Core.csproj", "{9659F5B5-E58C-4067-8150-B8A6DBD3EC58}"
EndProject
Project("{FAE04EC0-301F-11D3-BF4B-00C04F79EFBC}") = "Logging.DataAccess", "Logging.DataAccess\Logging.DataAccess.csproj", "{21D91D4B-5252-49BA-B6FF-3B5900A75908}"
EndProject
Project("{FAE04EC0-301F-11D3-BF4B-00C04F79EFBC}") = "Logging.Entities", "Logging.Entities\Logging.Entities.csproj", "{8CFC0E4C-3AE3-4C62-93ED-E5A52C767B51}"
EndProject
Global
	GlobalSection(SolutionConfigurationPlatforms) = preSolution
		Debug|Any CPU = Debug|Any CPU
		Release|Any CPU = Release|Any CPU
	EndGlobalSection
	GlobalSection(ProjectConfigurationPlatforms) = postSolution
		{55CFA793-73E3-4B56-ACC0-B121E70F1182}.Debug|Any CPU.ActiveCfg = Debug|Any CPU
		{55CFA793-73E3-4B56-ACC0-B121E70F1182}.Debug|Any CPU.Build.0 = Debug|Any CPU
		{55CFA793-73E3-4B56-ACC0-B121E70F1182}.Release|Any CPU.ActiveCfg = Release|Any CPU
		{55CFA793-73E3-4B56-ACC0-B121E70F1182}.Release|Any CPU.Build.0 = Release|Any CPU
		{277F9F11-3290-45A4-BB09-DF5E120ACC16}.Debug|Any CPU.ActiveCfg = Debug|Any CPU
		{277F9F11-3290-45A4-BB09-DF5E120ACC16}.Debug|Any CPU.Build.0 = Debug|Any CPU
		{277F9F11-3290-45A4-BB09-DF5E120ACC16}.Release|Any CPU.ActiveCfg = Release|Any CPU
		{277F9F11-3290-45A4-BB09-DF5E120ACC16}.Release|Any CPU.Build.0 = Release|Any CPU
		{FA78AB43-9CBB-4FE9-ABF0-FC35F153E067}.Debug|Any CPU.ActiveCfg = Debug|Any CPU
		{FA78AB43-9CBB-4FE9-ABF0-FC35F153E067}.Debug|Any CPU.Build.0 = Debug|Any CPU
		{FA78AB43-9CBB-4FE9-ABF0-FC35F153E067}.Release|Any CPU.ActiveCfg = Release|Any CPU
		{FA78AB43-9CBB-4FE9-ABF0-FC35F153E067}.Release|Any CPU.Build.0 = Release|Any CPU
		{60DA97F0-AEF1-4DAA-96A6-C4DCA788A337}.Debug|Any CPU.ActiveCfg = Debug|Any CPU
		{60DA97F0-AEF1-4DAA-96A6-C4DCA788A337}.Debug|Any CPU.Build.0 = Debug|Any CPU
		{60DA97F0-AEF1-4DAA-96A6-C4DCA788A337}.Release|Any CPU.ActiveCfg = Release|Any CPU
		{60DA97F0-AEF1-4DAA-96A6-C4DCA788A337}.Release|Any CPU.Build.0 = Release|Any CPU
		{22D5D2C4-7136-460D-BD76-16923C7FA09F}.Debug|Any CPU.ActiveCfg = Debug|Any CPU
		{22D5D2C4-7136-460D-BD76-16923C7FA09F}.Debug|Any CPU.Build.0 = Debug|Any CPU
		{22D5D2C4-7136-460D-BD76-16923C7FA09F}.Release|Any CPU.ActiveCfg = Release|Any CPU
		{22D5D2C4-7136-460D-BD76-16923C7FA09F}.Release|Any CPU.Build.0 = Release|Any CPU
		{BC938073-DD68-48EC-BC19-A918BA742E56}.Debug|Any CPU.ActiveCfg = Debug|Any CPU
		{BC938073-DD68-48EC-BC19-A918BA742E56}.Debug|Any CPU.Build.0 = Debug|Any CPU
		{BC938073-DD68-48EC-BC19-A918BA742E56}.Release|Any CPU.ActiveCfg = Release|Any CPU
		{BC938073-DD68-48EC-BC19-A918BA742E56}.Release|Any CPU.Build.0 = Release|Any CPU
		{3994D990-B089-4AD8-A911-12F7D7BFF672}.Debug|Any CPU.ActiveCfg = Debug|Any CPU
		{3994D990-B089-4AD8-A911-12F7D7BFF672}.Debug|Any CPU.Build.0 = Debug|Any CPU
		{3994D990-B089-4AD8-A911-12F7D7BFF672}.Release|Any CPU.ActiveCfg = Release|Any CPU
		{3994D990-B089-4AD8-A911-12F7D7BFF672}.Release|Any CPU.Build.0 = Release|Any CPU
		{8F74E3C0-A4F2-4B11-ABCB-CE0F3EE93AD8}.Debug|Any CPU.ActiveCfg = Debug|Any CPU
		{8F74E3C0-A4F2-4B11-ABCB-CE0F3EE93AD8}.Debug|Any CPU.Build.0 = Debug|Any CPU
		{8F74E3C0-A4F2-4B11-ABCB-CE0F3EE93AD8}.Release|Any CPU.ActiveCfg = Release|Any CPU
		{8F74E3C0-A4F2-4B11-ABCB-CE0F3EE93AD8}.Release|Any CPU.Build.0 = Release|Any CPU
		{8C0CE578-749F-451A-A842-AC1823337CFE}.Debug|Any CPU.ActiveCfg = Debug|Any CPU
		{8C0CE578-749F-451A-A842-AC1823337CFE}.Debug|Any CPU.Build.0 = Debug|Any CPU
		{8C0CE578-749F-451A-A842-AC1823337CFE}.Release|Any CPU.ActiveCfg = Release|Any CPU
		{8C0CE578-749F-451A-A842-AC1823337CFE}.Release|Any CPU.Build.0 = Release|Any CPU
		{126EE25E-02A9-4104-8FD0-6F2B52E4E0B9}.Debug|Any CPU.ActiveCfg = Debug|Any CPU
		{126EE25E-02A9-4104-8FD0-6F2B52E4E0B9}.Debug|Any CPU.Build.0 = Debug|Any CPU
		{126EE25E-02A9-4104-8FD0-6F2B52E4E0B9}.Release|Any CPU.ActiveCfg = Release|Any CPU
		{126EE25E-02A9-4104-8FD0-6F2B52E4E0B9}.Release|Any CPU.Build.0 = Release|Any CPU
		{DD54C1A3-14AC-4321-8DCE-FB85E89FC940}.Debug|Any CPU.ActiveCfg = Debug|Any CPU
		{DD54C1A3-14AC-4321-8DCE-FB85E89FC940}.Debug|Any CPU.Build.0 = Debug|Any CPU
		{DD54C1A3-14AC-4321-8DCE-FB85E89FC940}.Release|Any CPU.ActiveCfg = Release|Any CPU
		{DD54C1A3-14AC-4321-8DCE-FB85E89FC940}.Release|Any CPU.Build.0 = Release|Any CPU
		{176F2346-3DA5-4216-BA69-03144644552D}.Debug|Any CPU.ActiveCfg = Debug|Any CPU
		{176F2346-3DA5-4216-BA69-03144644552D}.Debug|Any CPU.Build.0 = Debug|Any CPU
		{176F2346-3DA5-4216-BA69-03144644552D}.Release|Any CPU.ActiveCfg = Release|Any CPU
		{176F2346-3DA5-4216-BA69-03144644552D}.Release|Any CPU.Build.0 = Release|Any CPU
		{808D8583-4954-4CD3-BDE1-81E66D3DC880}.Debug|Any CPU.ActiveCfg = Debug|Any CPU
		{808D8583-4954-4CD3-BDE1-81E66D3DC880}.Debug|Any CPU.Build.0 = Debug|Any CPU
		{808D8583-4954-4CD3-BDE1-81E66D3DC880}.Release|Any CPU.ActiveCfg = Release|Any CPU
		{808D8583-4954-4CD3-BDE1-81E66D3DC880}.Release|Any CPU.Build.0 = Release|Any CPU
		{282A8AEB-31E7-402A-9A5C-E9F9E5DEE775}.Debug|Any CPU.ActiveCfg = Debug|Any CPU
		{282A8AEB-31E7-402A-9A5C-E9F9E5DEE775}.Debug|Any CPU.Build.0 = Debug|Any CPU
		{282A8AEB-31E7-402A-9A5C-E9F9E5DEE775}.Release|Any CPU.ActiveCfg = Release|Any CPU
		{282A8AEB-31E7-402A-9A5C-E9F9E5DEE775}.Release|Any CPU.Build.0 = Release|Any CPU
		{C693862B-5352-4871-9936-F2B31FA1C3D7}.Debug|Any CPU.ActiveCfg = Debug|Any CPU
		{C693862B-5352-4871-9936-F2B31FA1C3D7}.Debug|Any CPU.Build.0 = Debug|Any CPU
		{C693862B-5352-4871-9936-F2B31FA1C3D7}.Release|Any CPU.ActiveCfg = Release|Any CPU
		{C693862B-5352-4871-9936-F2B31FA1C3D7}.Release|Any CPU.Build.0 = Release|Any CPU
		{CE120E9D-9117-4242-B2E9-965A34D3C311}.Debug|Any CPU.ActiveCfg = Debug|Any CPU
		{CE120E9D-9117-4242-B2E9-965A34D3C311}.Debug|Any CPU.Build.0 = Debug|Any CPU
		{CE120E9D-9117-4242-B2E9-965A34D3C311}.Release|Any CPU.ActiveCfg = Release|Any CPU
		{CE120E9D-9117-4242-B2E9-965A34D3C311}.Release|Any CPU.Build.0 = Release|Any CPU
		{016F213E-8420-4C38-B0E6-DE3FC2A2C498}.Debug|Any CPU.ActiveCfg = Debug|Any CPU
		{016F213E-8420-4C38-B0E6-DE3FC2A2C498}.Debug|Any CPU.Build.0 = Debug|Any CPU
		{016F213E-8420-4C38-B0E6-DE3FC2A2C498}.Release|Any CPU.ActiveCfg = Release|Any CPU
		{016F213E-8420-4C38-B0E6-DE3FC2A2C498}.Release|Any CPU.Build.0 = Release|Any CPU
		{4B447166-E5F9-489D-8D0D-5C394AC4D06B}.Debug|Any CPU.ActiveCfg = Debug|Any CPU
		{4B447166-E5F9-489D-8D0D-5C394AC4D06B}.Debug|Any CPU.Build.0 = Debug|Any CPU
		{4B447166-E5F9-489D-8D0D-5C394AC4D06B}.Release|Any CPU.ActiveCfg = Release|Any CPU
		{4B447166-E5F9-489D-8D0D-5C394AC4D06B}.Release|Any CPU.Build.0 = Release|Any CPU
		{947DD59F-BFA9-4DF7-BF4E-FB8295880437}.Debug|Any CPU.ActiveCfg = Debug|Any CPU
		{947DD59F-BFA9-4DF7-BF4E-FB8295880437}.Debug|Any CPU.Build.0 = Debug|Any CPU
		{947DD59F-BFA9-4DF7-BF4E-FB8295880437}.Release|Any CPU.ActiveCfg = Release|Any CPU
		{947DD59F-BFA9-4DF7-BF4E-FB8295880437}.Release|Any CPU.Build.0 = Release|Any CPU
		{4C8B2392-F14E-4FEE-88AD-847F9F12C5E4}.Debug|Any CPU.ActiveCfg = Debug|Any CPU
		{4C8B2392-F14E-4FEE-88AD-847F9F12C5E4}.Debug|Any CPU.Build.0 = Debug|Any CPU
		{4C8B2392-F14E-4FEE-88AD-847F9F12C5E4}.Release|Any CPU.ActiveCfg = Release|Any CPU
		{4C8B2392-F14E-4FEE-88AD-847F9F12C5E4}.Release|Any CPU.Build.0 = Release|Any CPU
		{E542DFC1-5789-4823-82B6-07EBDE9D5FF3}.Debug|Any CPU.ActiveCfg = Debug|Any CPU
		{E542DFC1-5789-4823-82B6-07EBDE9D5FF3}.Debug|Any CPU.Build.0 = Debug|Any CPU
		{E542DFC1-5789-4823-82B6-07EBDE9D5FF3}.Release|Any CPU.ActiveCfg = Release|Any CPU
		{E542DFC1-5789-4823-82B6-07EBDE9D5FF3}.Release|Any CPU.Build.0 = Release|Any CPU
		{9659F5B5-E58C-4067-8150-B8A6DBD3EC58}.Debug|Any CPU.ActiveCfg = Debug|Any CPU
		{9659F5B5-E58C-4067-8150-B8A6DBD3EC58}.Debug|Any CPU.Build.0 = Debug|Any CPU
		{9659F5B5-E58C-4067-8150-B8A6DBD3EC58}.Release|Any CPU.ActiveCfg = Release|Any CPU
		{9659F5B5-E58C-4067-8150-B8A6DBD3EC58}.Release|Any CPU.Build.0 = Release|Any CPU
		{21D91D4B-5252-49BA-B6FF-3B5900A75908}.Debug|Any CPU.ActiveCfg = Debug|Any CPU
		{21D91D4B-5252-49BA-B6FF-3B5900A75908}.Debug|Any CPU.Build.0 = Debug|Any CPU
		{21D91D4B-5252-49BA-B6FF-3B5900A75908}.Release|Any CPU.ActiveCfg = Release|Any CPU
		{21D91D4B-5252-49BA-B6FF-3B5900A75908}.Release|Any CPU.Build.0 = Release|Any CPU
		{8CFC0E4C-3AE3-4C62-93ED-E5A52C767B51}.Debug|Any CPU.ActiveCfg = Debug|Any CPU
		{8CFC0E4C-3AE3-4C62-93ED-E5A52C767B51}.Debug|Any CPU.Build.0 = Debug|Any CPU
		{8CFC0E4C-3AE3-4C62-93ED-E5A52C767B51}.Release|Any CPU.ActiveCfg = Release|Any CPU
		{8CFC0E4C-3AE3-4C62-93ED-E5A52C767B51}.Release|Any CPU.Build.0 = Release|Any CPU
	EndGlobalSection
	GlobalSection(SolutionProperties) = preSolution
		HideSolutionNode = FALSE
	EndGlobalSection
	GlobalSection(NestedProjects) = preSolution
		{55CFA793-73E3-4B56-ACC0-B121E70F1182} = {75CB6035-4DDB-4E39-AA95-28258C595D9C}
		{277F9F11-3290-45A4-BB09-DF5E120ACC16} = {5EB8BE75-C929-469D-84E4-648C8DF34E88}
		{FA78AB43-9CBB-4FE9-ABF0-FC35F153E067} = {DE7B705E-E036-4861-9817-42439E96DBA4}
		{60DA97F0-AEF1-4DAA-96A6-C4DCA788A337} = {DE7B705E-E036-4861-9817-42439E96DBA4}
		{22D5D2C4-7136-460D-BD76-16923C7FA09F} = {DE7B705E-E036-4861-9817-42439E96DBA4}
		{BC938073-DD68-48EC-BC19-A918BA742E56} = {DE7B705E-E036-4861-9817-42439E96DBA4}
		{3994D990-B089-4AD8-A911-12F7D7BFF672} = {706198D0-76AF-475C-B730-E6A465B4CC1D}
		{8F74E3C0-A4F2-4B11-ABCB-CE0F3EE93AD8} = {706198D0-76AF-475C-B730-E6A465B4CC1D}
		{8C0CE578-749F-451A-A842-AC1823337CFE} = {706198D0-76AF-475C-B730-E6A465B4CC1D}
		{126EE25E-02A9-4104-8FD0-6F2B52E4E0B9} = {706198D0-76AF-475C-B730-E6A465B4CC1D}
		{DD54C1A3-14AC-4321-8DCE-FB85E89FC940} = {706198D0-76AF-475C-B730-E6A465B4CC1D}
		{176F2346-3DA5-4216-BA69-03144644552D} = {7DA7C6CE-78B5-4AE3-9D47-50F2BACD79CC}
		{808D8583-4954-4CD3-BDE1-81E66D3DC880} = {5922D6E8-7C39-44B8-BCAD-7B7D97D7799F}
		{282A8AEB-31E7-402A-9A5C-E9F9E5DEE775} = {7DB84F7C-A8B2-4911-AE4D-B3D280967EEA}
		{C693862B-5352-4871-9936-F2B31FA1C3D7} = {7DB84F7C-A8B2-4911-AE4D-B3D280967EEA}
		{CE120E9D-9117-4242-B2E9-965A34D3C311} = {7DB84F7C-A8B2-4911-AE4D-B3D280967EEA}
		{016F213E-8420-4C38-B0E6-DE3FC2A2C498} = {7DB84F7C-A8B2-4911-AE4D-B3D280967EEA}
		{4B447166-E5F9-489D-8D0D-5C394AC4D06B} = {7DB84F7C-A8B2-4911-AE4D-B3D280967EEA}
		{947DD59F-BFA9-4DF7-BF4E-FB8295880437} = {A13C05CA-0118-464D-9F8D-2AE08C1C5B1F}
		{4C8B2392-F14E-4FEE-88AD-847F9F12C5E4} = {B6A0CDF5-6C92-455D-9356-875B3663305D}
		{E542DFC1-5789-4823-82B6-07EBDE9D5FF3} = {B6A0CDF5-6C92-455D-9356-875B3663305D}
		{9659F5B5-E58C-4067-8150-B8A6DBD3EC58} = {B6A0CDF5-6C92-455D-9356-875B3663305D}
		{21D91D4B-5252-49BA-B6FF-3B5900A75908} = {B6A0CDF5-6C92-455D-9356-875B3663305D}
		{8CFC0E4C-3AE3-4C62-93ED-E5A52C767B51} = {B6A0CDF5-6C92-455D-9356-875B3663305D}
	EndGlobalSection
	GlobalSection(ExtensibilityGlobals) = postSolution
		SolutionGuid = {77E13A1E-DC7D-4F1C-B7D5-C16654229281}
	EndGlobalSection
EndGlobal
